// !$*UTF8*$!
{
	archiveVersion = 1;
	classes = {
	};
	objectVersion = 46;
	objects = {

/* Begin PBXBuildFile section */
		1E39EC5A1859D79A007BBA9E /* Foundation.framework in Frameworks */ = {isa = PBXBuildFile; fileRef = 1E39EC591859D79A007BBA9E /* Foundation.framework */; };
		1E39EC5C1859D79A007BBA9E /* CoreGraphics.framework in Frameworks */ = {isa = PBXBuildFile; fileRef = 1E39EC5B1859D79A007BBA9E /* CoreGraphics.framework */; };
		1E39EC5E1859D79A007BBA9E /* UIKit.framework in Frameworks */ = {isa = PBXBuildFile; fileRef = 1E39EC5D1859D79A007BBA9E /* UIKit.framework */; };
		1E39EC641859D79A007BBA9E /* InfoPlist.strings in Resources */ = {isa = PBXBuildFile; fileRef = 1E39EC621859D79A007BBA9E /* InfoPlist.strings */; };
		1E39EC661859D79A007BBA9E /* main.m in Sources */ = {isa = PBXBuildFile; fileRef = 1E39EC651859D79A007BBA9E /* main.m */; };
		1E39EC6A1859D79A007BBA9E /* EcnaviMAppDelegate.m in Sources */ = {isa = PBXBuildFile; fileRef = 1E39EC691859D79A007BBA9E /* EcnaviMAppDelegate.m */; };
		1E39EC6C1859D79A007BBA9E /* Images.xcassets in Resources */ = {isa = PBXBuildFile; fileRef = 1E39EC6B1859D79A007BBA9E /* Images.xcassets */; };
		1E39EC731859D79A007BBA9E /* XCTest.framework in Frameworks */ = {isa = PBXBuildFile; fileRef = 1E39EC721859D79A007BBA9E /* XCTest.framework */; };
		1E39EC741859D79A007BBA9E /* Foundation.framework in Frameworks */ = {isa = PBXBuildFile; fileRef = 1E39EC591859D79A007BBA9E /* Foundation.framework */; };
		1E39EC751859D79A007BBA9E /* UIKit.framework in Frameworks */ = {isa = PBXBuildFile; fileRef = 1E39EC5D1859D79A007BBA9E /* UIKit.framework */; };
		1E39EC7D1859D79A007BBA9E /* InfoPlist.strings in Resources */ = {isa = PBXBuildFile; fileRef = 1E39EC7B1859D79A007BBA9E /* InfoPlist.strings */; };
		1E39EC7F1859D79A007BBA9E /* TableViewSampleTests.m in Sources */ = {isa = PBXBuildFile; fileRef = 1E39EC7E1859D79A007BBA9E /* TableViewSampleTests.m */; };
		1E39EC891859D7AD007BBA9E /* Storyboard.storyboard in Resources */ = {isa = PBXBuildFile; fileRef = 1E39EC881859D7AD007BBA9E /* Storyboard.storyboard */; };
		1E39EC8C1859D806007BBA9E /* TableViewController.m in Sources */ = {isa = PBXBuildFile; fileRef = 1E39EC8B1859D806007BBA9E /* TableViewController.m */; };
		1E39EC911859FDE0007BBA9E /* ios_icon.png in Resources */ = {isa = PBXBuildFile; fileRef = 1E39EC901859FDE0007BBA9E /* ios_icon.png */; };
/* End PBXBuildFile section */

/* Begin PBXContainerItemProxy section */
		1E39EC761859D79A007BBA9E /* PBXContainerItemProxy */ = {
			isa = PBXContainerItemProxy;
			containerPortal = 1E39EC4E1859D79A007BBA9E /* Project object */;
			proxyType = 1;
			remoteGlobalIDString = 1E39EC551859D79A007BBA9E;
			remoteInfo = TableViewSample;
		};
/* End PBXContainerItemProxy section */

/* Begin PBXFileReference section */
		1E39EC561859D79A007BBA9E /* TableViewSample.app */ = {isa = PBXFileReference; explicitFileType = wrapper.application; includeInIndex = 0; path = TableViewSample.app; sourceTree = BUILT_PRODUCTS_DIR; };
		1E39EC591859D79A007BBA9E /* Foundation.framework */ = {isa = PBXFileReference; lastKnownFileType = wrapper.framework; name = Foundation.framework; path = System/Library/Frameworks/Foundation.framework; sourceTree = SDKROOT; };
		1E39EC5B1859D79A007BBA9E /* CoreGraphics.framework */ = {isa = PBXFileReference; lastKnownFileType = wrapper.framework; name = CoreGraphics.framework; path = System/Library/Frameworks/CoreGraphics.framework; sourceTree = SDKROOT; };
		1E39EC5D1859D79A007BBA9E /* UIKit.framework */ = {isa = PBXFileReference; lastKnownFileType = wrapper.framework; name = UIKit.framework; path = System/Library/Frameworks/UIKit.framework; sourceTree = SDKROOT; };
		1E39EC611859D79A007BBA9E /* TableViewSample-Info.plist */ = {isa = PBXFileReference; lastKnownFileType = text.plist.xml; path = "TableViewSample-Info.plist"; sourceTree = "<group>"; };
		1E39EC631859D79A007BBA9E /* en */ = {isa = PBXFileReference; lastKnownFileType = text.plist.strings; name = en; path = en.lproj/InfoPlist.strings; sourceTree = "<group>"; };
		1E39EC651859D79A007BBA9E /* main.m */ = {isa = PBXFileReference; lastKnownFileType = sourcecode.c.objc; path = main.m; sourceTree = "<group>"; };
		1E39EC671859D79A007BBA9E /* TableViewSample-Prefix.pch */ = {isa = PBXFileReference; lastKnownFileType = sourcecode.c.h; path = "TableViewSample-Prefix.pch"; sourceTree = "<group>"; };
		1E39EC681859D79A007BBA9E /* EcnaviMAppDelegate.h */ = {isa = PBXFileReference; lastKnownFileType = sourcecode.c.h; path = EcnaviMAppDelegate.h; sourceTree = "<group>"; };
		1E39EC691859D79A007BBA9E /* EcnaviMAppDelegate.m */ = {isa = PBXFileReference; lastKnownFileType = sourcecode.c.objc; path = EcnaviMAppDelegate.m; sourceTree = "<group>"; };
		1E39EC6B1859D79A007BBA9E /* Images.xcassets */ = {isa = PBXFileReference; lastKnownFileType = folder.assetcatalog; path = Images.xcassets; sourceTree = "<group>"; };
		1E39EC711859D79A007BBA9E /* TableViewSampleTests.xctest */ = {isa = PBXFileReference; explicitFileType = wrapper.cfbundle; includeInIndex = 0; path = TableViewSampleTests.xctest; sourceTree = BUILT_PRODUCTS_DIR; };
		1E39EC721859D79A007BBA9E /* XCTest.framework */ = {isa = PBXFileReference; lastKnownFileType = wrapper.framework; name = XCTest.framework; path = Library/Frameworks/XCTest.framework; sourceTree = DEVELOPER_DIR; };
		1E39EC7A1859D79A007BBA9E /* TableViewSampleTests-Info.plist */ = {isa = PBXFileReference; lastKnownFileType = text.plist.xml; path = "TableViewSampleTests-Info.plist"; sourceTree = "<group>"; };
		1E39EC7C1859D79A007BBA9E /* en */ = {isa = PBXFileReference; lastKnownFileType = text.plist.strings; name = en; path = en.lproj/InfoPlist.strings; sourceTree = "<group>"; };
		1E39EC7E1859D79A007BBA9E /* TableViewSampleTests.m */ = {isa = PBXFileReference; lastKnownFileType = sourcecode.c.objc; path = TableViewSampleTests.m; sourceTree = "<group>"; };
		1E39EC881859D7AD007BBA9E /* Storyboard.storyboard */ = {isa = PBXFileReference; fileEncoding = 4; lastKnownFileType = file.storyboard; name = Storyboard.storyboard; path = TableViewSample/Storyboard.storyboard; sourceTree = "<group>"; };
		1E39EC8A1859D806007BBA9E /* TableViewController.h */ = {isa = PBXFileReference; fileEncoding = 4; lastKnownFileType = sourcecode.c.h; name = TableViewController.h; path = TableViewSample/TableViewController.h; sourceTree = "<group>"; };
		1E39EC8B1859D806007BBA9E /* TableViewController.m */ = {isa = PBXFileReference; fileEncoding = 4; lastKnownFileType = sourcecode.c.objc; name = TableViewController.m; path = TableViewSample/TableViewController.m; sourceTree = "<group>"; };
		1E39EC901859FDE0007BBA9E /* ios_icon.png */ = {isa = PBXFileReference; lastKnownFileType = image.png; name = ios_icon.png; path = ../../../Desktop/ios_icon.png; sourceTree = "<group>"; };
/* End PBXFileReference section */

/* Begin PBXFrameworksBuildPhase section */
		1E39EC531859D79A007BBA9E /* Frameworks */ = {
			isa = PBXFrameworksBuildPhase;
			buildActionMask = 2147483647;
			files = (
				1E39EC5C1859D79A007BBA9E /* CoreGraphics.framework in Frameworks */,
				1E39EC5E1859D79A007BBA9E /* UIKit.framework in Frameworks */,
				1E39EC5A1859D79A007BBA9E /* Foundation.framework in Frameworks */,
			);
			runOnlyForDeploymentPostprocessing = 0;
		};
		1E39EC6E1859D79A007BBA9E /* Frameworks */ = {
			isa = PBXFrameworksBuildPhase;
			buildActionMask = 2147483647;
			files = (
				1E39EC731859D79A007BBA9E /* XCTest.framework in Frameworks */,
				1E39EC751859D79A007BBA9E /* UIKit.framework in Frameworks */,
				1E39EC741859D79A007BBA9E /* Foundation.framework in Frameworks */,
			);
			runOnlyForDeploymentPostprocessing = 0;
		};
/* End PBXFrameworksBuildPhase section */

/* Begin PBXGroup section */
		1E39EC4D1859D79A007BBA9E = {
			isa = PBXGroup;
			children = (
				1E39EC8A1859D806007BBA9E /* TableViewController.h */,
				1E39EC8B1859D806007BBA9E /* TableViewController.m */,
				1E39EC881859D7AD007BBA9E /* Storyboard.storyboard */,
				1E39EC5F1859D79A007BBA9E /* TableViewSample */,
				1E39EC781859D79A007BBA9E /* TableViewSampleTests */,
				1E39EC581859D79A007BBA9E /* Frameworks */,
				1E39EC571859D79A007BBA9E /* Products */,
				1E39EC901859FDE0007BBA9E /* ios_icon.png */,
			);
			sourceTree = "<group>";
		};
		1E39EC571859D79A007BBA9E /* Products */ = {
			isa = PBXGroup;
			children = (
				1E39EC561859D79A007BBA9E /* TableViewSample.app */,
				1E39EC711859D79A007BBA9E /* TableViewSampleTests.xctest */,
			);
			name = Products;
			sourceTree = "<group>";
		};
		1E39EC581859D79A007BBA9E /* Frameworks */ = {
			isa = PBXGroup;
			children = (
				1E39EC591859D79A007BBA9E /* Foundation.framework */,
				1E39EC5B1859D79A007BBA9E /* CoreGraphics.framework */,
				1E39EC5D1859D79A007BBA9E /* UIKit.framework */,
				1E39EC721859D79A007BBA9E /* XCTest.framework */,
			);
			name = Frameworks;
			sourceTree = "<group>";
		};
		1E39EC5F1859D79A007BBA9E /* TableViewSample */ = {
			isa = PBXGroup;
			children = (
				1E39EC681859D79A007BBA9E /* EcnaviMAppDelegate.h */,
				1E39EC691859D79A007BBA9E /* EcnaviMAppDelegate.m */,
				1E39EC6B1859D79A007BBA9E /* Images.xcassets */,
				1E39EC601859D79A007BBA9E /* Supporting Files */,
			);
			path = TableViewSample;
			sourceTree = "<group>";
		};
		1E39EC601859D79A007BBA9E /* Supporting Files */ = {
			isa = PBXGroup;
			children = (
				1E39EC611859D79A007BBA9E /* TableViewSample-Info.plist */,
				1E39EC621859D79A007BBA9E /* InfoPlist.strings */,
				1E39EC651859D79A007BBA9E /* main.m */,
				1E39EC671859D79A007BBA9E /* TableViewSample-Prefix.pch */,
			);
			name = "Supporting Files";
			sourceTree = "<group>";
		};
		1E39EC781859D79A007BBA9E /* TableViewSampleTests */ = {
			isa = PBXGroup;
			children = (
				1E39EC7E1859D79A007BBA9E /* TableViewSampleTests.m */,
				1E39EC791859D79A007BBA9E /* Supporting Files */,
			);
			path = TableViewSampleTests;
			sourceTree = "<group>";
		};
		1E39EC791859D79A007BBA9E /* Supporting Files */ = {
			isa = PBXGroup;
			children = (
				1E39EC7A1859D79A007BBA9E /* TableViewSampleTests-Info.plist */,
				1E39EC7B1859D79A007BBA9E /* InfoPlist.strings */,
			);
			name = "Supporting Files";
			sourceTree = "<group>";
		};
/* End PBXGroup section */

/* Begin PBXNativeTarget section */
		1E39EC551859D79A007BBA9E /* TableViewSample */ = {
			isa = PBXNativeTarget;
			buildConfigurationList = 1E39EC821859D79A007BBA9E /* Build configuration list for PBXNativeTarget "TableViewSample" */;
			buildPhases = (
				1E39EC521859D79A007BBA9E /* Sources */,
				1E39EC531859D79A007BBA9E /* Frameworks */,
				1E39EC541859D79A007BBA9E /* Resources */,
			);
			buildRules = (
			);
			dependencies = (
			);
			name = TableViewSample;
			productName = TableViewSample;
			productReference = 1E39EC561859D79A007BBA9E /* TableViewSample.app */;
			productType = "com.apple.product-type.application";
		};
		1E39EC701859D79A007BBA9E /* TableViewSampleTests */ = {
			isa = PBXNativeTarget;
			buildConfigurationList = 1E39EC851859D79A007BBA9E /* Build configuration list for PBXNativeTarget "TableViewSampleTests" */;
			buildPhases = (
				1E39EC6D1859D79A007BBA9E /* Sources */,
				1E39EC6E1859D79A007BBA9E /* Frameworks */,
				1E39EC6F1859D79A007BBA9E /* Resources */,
			);
			buildRules = (
			);
			dependencies = (
				1E39EC771859D79A007BBA9E /* PBXTargetDependency */,
			);
			name = TableViewSampleTests;
			productName = TableViewSampleTests;
			productReference = 1E39EC711859D79A007BBA9E /* TableViewSampleTests.xctest */;
			productType = "com.apple.product-type.bundle.unit-test";
		};
/* End PBXNativeTarget section */

/* Begin PBXProject section */
		1E39EC4E1859D79A007BBA9E /* Project object */ = {
			isa = PBXProject;
			attributes = {
				CLASSPREFIX = EcnaviM;
				LastUpgradeCheck = 0500;
				ORGANIZATIONNAME = "ECナビ";
				TargetAttributes = {
					1E39EC701859D79A007BBA9E = {
						TestTargetID = 1E39EC551859D79A007BBA9E;
					};
				};
			};
			buildConfigurationList = 1E39EC511859D79A007BBA9E /* Build configuration list for PBXProject "TableViewSample" */;
			compatibilityVersion = "Xcode 3.2";
			developmentRegion = English;
			hasScannedForEncodings = 0;
			knownRegions = (
				en,
			);
			mainGroup = 1E39EC4D1859D79A007BBA9E;
			productRefGroup = 1E39EC571859D79A007BBA9E /* Products */;
			projectDirPath = "";
			projectRoot = "";
			targets = (
				1E39EC551859D79A007BBA9E /* TableViewSample */,
				1E39EC701859D79A007BBA9E /* TableViewSampleTests */,
			);
		};
/* End PBXProject section */

/* Begin PBXResourcesBuildPhase section */
		1E39EC541859D79A007BBA9E /* Resources */ = {
			isa = PBXResourcesBuildPhase;
			buildActionMask = 2147483647;
			files = (
				1E39EC641859D79A007BBA9E /* InfoPlist.strings in Resources */,
				1E39EC6C1859D79A007BBA9E /* Images.xcassets in Resources */,
				1E39EC911859FDE0007BBA9E /* ios_icon.png in Resources */,
				1E39EC891859D7AD007BBA9E /* Storyboard.storyboard in Resources */,
			);
			runOnlyForDeploymentPostprocessing = 0;
		};
		1E39EC6F1859D79A007BBA9E /* Resources */ = {
			isa = PBXResourcesBuildPhase;
			buildActionMask = 2147483647;
			files = (
				1E39EC7D1859D79A007BBA9E /* InfoPlist.strings in Resources */,
			);
			runOnlyForDeploymentPostprocessing = 0;
		};
/* End PBXResourcesBuildPhase section */

/* Begin PBXSourcesBuildPhase section */
		1E39EC521859D79A007BBA9E /* Sources */ = {
			isa = PBXSourcesBuildPhase;
			buildActionMask = 2147483647;
			files = (
				1E39EC6A1859D79A007BBA9E /* EcnaviMAppDelegate.m in Sources */,
				1E39EC8C1859D806007BBA9E /* TableViewController.m in Sources */,
				1E39EC661859D79A007BBA9E /* main.m in Sources */,
			);
			runOnlyForDeploymentPostprocessing = 0;
		};
		1E39EC6D1859D79A007BBA9E /* Sources */ = {
			isa = PBXSourcesBuildPhase;
			buildActionMask = 2147483647;
			files = (
				1E39EC7F1859D79A007BBA9E /* TableViewSampleTests.m in Sources */,
			);
			runOnlyForDeploymentPostprocessing = 0;
		};
/* End PBXSourcesBuildPhase section */

/* Begin PBXTargetDependency section */
		1E39EC771859D79A007BBA9E /* PBXTargetDependency */ = {
			isa = PBXTargetDependency;
			target = 1E39EC551859D79A007BBA9E /* TableViewSample */;
			targetProxy = 1E39EC761859D79A007BBA9E /* PBXContainerItemProxy */;
		};
/* End PBXTargetDependency section */

/* Begin PBXVariantGroup section */
		1E39EC621859D79A007BBA9E /* InfoPlist.strings */ = {
			isa = PBXVariantGroup;
			children = (
				1E39EC631859D79A007BBA9E /* en */,
			);
			name = InfoPlist.strings;
			sourceTree = "<group>";
		};
		1E39EC7B1859D79A007BBA9E /* InfoPlist.strings */ = {
			isa = PBXVariantGroup;
			children = (
				1E39EC7C1859D79A007BBA9E /* en */,
			);
			name = InfoPlist.strings;
			sourceTree = "<group>";
		};
/* End PBXVariantGroup section */

/* Begin XCBuildConfiguration section */
		1E39EC801859D79A007BBA9E /* Debug */ = {
			isa = XCBuildConfiguration;
			buildSettings = {
				ALWAYS_SEARCH_USER_PATHS = NO;
				ARCHS = "$(ARCHS_STANDARD_INCLUDING_64_BIT)";
				CLANG_CXX_LANGUAGE_STANDARD = "gnu++0x";
				CLANG_CXX_LIBRARY = "libc++";
				CLANG_ENABLE_MODULES = YES;
				CLANG_ENABLE_OBJC_ARC = YES;
				CLANG_WARN_BOOL_CONVERSION = YES;
				CLANG_WARN_CONSTANT_CONVERSION = YES;
				CLANG_WARN_DIRECT_OBJC_ISA_USAGE = YES_ERROR;
				CLANG_WARN_EMPTY_BODY = YES;
				CLANG_WARN_ENUM_CONVERSION = YES;
				CLANG_WARN_INT_CONVERSION = YES;
				CLANG_WARN_OBJC_ROOT_CLASS = YES_ERROR;
				CLANG_WARN__DUPLICATE_METHOD_MATCH = YES;
				"CODE_SIGN_IDENTITY[sdk=iphoneos*]" = "iPhone Developer";
				COPY_PHASE_STRIP = NO;
				GCC_C_LANGUAGE_STANDARD = gnu99;
				GCC_DYNAMIC_NO_PIC = NO;
				GCC_OPTIMIZATION_LEVEL = 0;
				GCC_PREPROCESSOR_DEFINITIONS = (
					"DEBUG=1",
					"$(inherited)",
				);
				GCC_SYMBOLS_PRIVATE_EXTERN = NO;
				GCC_WARN_64_TO_32_BIT_CONVERSION = YES;
				GCC_WARN_ABOUT_RETURN_TYPE = YES_ERROR;
				GCC_WARN_UNDECLARED_SELECTOR = YES;
				GCC_WARN_UNINITIALIZED_AUTOS = YES;
				GCC_WARN_UNUSED_FUNCTION = YES;
				GCC_WARN_UNUSED_VARIABLE = YES;
				IPHONEOS_DEPLOYMENT_TARGET = 7.0;
				ONLY_ACTIVE_ARCH = YES;
				SDKROOT = iphoneos;
			};
			name = Debug;
		};
		1E39EC811859D79A007BBA9E /* Release */ = {
			isa = XCBuildConfiguration;
			buildSettings = {
				ALWAYS_SEARCH_USER_PATHS = NO;
				ARCHS = "$(ARCHS_STANDARD_INCLUDING_64_BIT)";
				CLANG_CXX_LANGUAGE_STANDARD = "gnu++0x";
				CLANG_CXX_LIBRARY = "libc++";
				CLANG_ENABLE_MODULES = YES;
				CLANG_ENABLE_OBJC_ARC = YES;
				CLANG_WARN_BOOL_CONVERSION = YES;
				CLANG_WARN_CONSTANT_CONVERSION = YES;
				CLANG_WARN_DIRECT_OBJC_ISA_USAGE = YES_ERROR;
				CLANG_WARN_EMPTY_BODY = YES;
				CLANG_WARN_ENUM_CONVERSION = YES;
				CLANG_WARN_INT_CONVERSION = YES;
				CLANG_WARN_OBJC_ROOT_CLASS = YES_ERROR;
				CLANG_WARN__DUPLICATE_METHOD_MATCH = YES;
				"CODE_SIGN_IDENTITY[sdk=iphoneos*]" = "iPhone Developer";
				COPY_PHASE_STRIP = YES;
				ENABLE_NS_ASSERTIONS = NO;
				GCC_C_LANGUAGE_STANDARD = gnu99;
				GCC_WARN_64_TO_32_BIT_CONVERSION = YES;
				GCC_WARN_ABOUT_RETURN_TYPE = YES_ERROR;
				GCC_WARN_UNDECLARED_SELECTOR = YES;
				GCC_WARN_UNINITIALIZED_AUTOS = YES;
				GCC_WARN_UNUSED_FUNCTION = YES;
				GCC_WARN_UNUSED_VARIABLE = YES;
				IPHONEOS_DEPLOYMENT_TARGET = 7.0;
				SDKROOT = iphoneos;
				VALIDATE_PRODUCT = YES;
			};
			name = Release;
		};
		1E39EC831859D79A007BBA9E /* Debug */ = {
			isa = XCBuildConfiguration;
			buildSettings = {
				ASSETCATALOG_COMPILER_APPICON_NAME = AppIcon;
				ASSETCATALOG_COMPILER_LAUNCHIMAGE_NAME = LaunchImage;
				GCC_PRECOMPILE_PREFIX_HEADER = YES;
				GCC_PREFIX_HEADER = "TableViewSample/TableViewSample-Prefix.pch";
				INFOPLIST_FILE = "TableViewSample/TableViewSample-Info.plist";
				PRODUCT_NAME = "$(TARGET_NAME)";
				WRAPPER_EXTENSION = app;
			};
			name = Debug;
		};
		1E39EC841859D79A007BBA9E /* Release */ = {
			isa = XCBuildConfiguration;
			buildSettings = {
				ASSETCATALOG_COMPILER_APPICON_NAME = AppIcon;
				ASSETCATALOG_COMPILER_LAUNCHIMAGE_NAME = LaunchImage;
				GCC_PRECOMPILE_PREFIX_HEADER = YES;
				GCC_PREFIX_HEADER = "TableViewSample/TableViewSample-Prefix.pch";
				INFOPLIST_FILE = "TableViewSample/TableViewSample-Info.plist";
				PRODUCT_NAME = "$(TARGET_NAME)";
				WRAPPER_EXTENSION = app;
			};
			name = Release;
		};
		1E39EC861859D79A007BBA9E /* Debug */ = {
			isa = XCBuildConfiguration;
			buildSettings = {
				ARCHS = "$(ARCHS_STANDARD_INCLUDING_64_BIT)";
				BUNDLE_LOADER = "$(BUILT_PRODUCTS_DIR)/TableViewSample.app/TableViewSample";
				FRAMEWORK_SEARCH_PATHS = (
					"$(SDKROOT)/Developer/Library/Frameworks",
					"$(inherited)",
					"$(DEVELOPER_FRAMEWORKS_DIR)",
				);
				GCC_PRECOMPILE_PREFIX_HEADER = YES;
				GCC_PREFIX_HEADER = "TableViewSample/TableViewSample-Prefix.pch";
				GCC_PREPROCESSOR_DEFINITIONS = (
					"DEBUG=1",
					"$(inherited)",
				);
				INFOPLIST_FILE = "TableViewSampleTests/TableViewSampleTests-Info.plist";
				PRODUCT_NAME = "$(TARGET_NAME)";
				TEST_HOST = "$(BUNDLE_LOADER)";
				WRAPPER_EXTENSION = xctest;
			};
			name = Debug;
		};
		1E39EC871859D79A007BBA9E /* Release */ = {
			isa = XCBuildConfiguration;
			buildSettings = {
				ARCHS = "$(ARCHS_STANDARD_INCLUDING_64_BIT)";
				BUNDLE_LOADER = "$(BUILT_PRODUCTS_DIR)/TableViewSample.app/TableViewSample";
				FRAMEWORK_SEARCH_PATHS = (
					"$(SDKROOT)/Developer/Library/Frameworks",
					"$(inherited)",
					"$(DEVELOPER_FRAMEWORKS_DIR)",
				);
				GCC_PRECOMPILE_PREFIX_HEADER = YES;
				GCC_PREFIX_HEADER = "TableViewSample/TableViewSample-Prefix.pch";
				INFOPLIST_FILE = "TableViewSampleTests/TableViewSampleTests-Info.plist";
				PRODUCT_NAME = "$(TARGET_NAME)";
				TEST_HOST = "$(BUNDLE_LOADER)";
				WRAPPER_EXTENSION = xctest;
			};
			name = Release;
		};
/* End XCBuildConfiguration section */

/* Begin XCConfigurationList section */
		1E39EC511859D79A007BBA9E /* Build configuration list for PBXProject "TableViewSample" */ = {
			isa = XCConfigurationList;
			buildConfigurations = (
				1E39EC801859D79A007BBA9E /* Debug */,
				1E39EC811859D79A007BBA9E /* Release */,
			);
			defaultConfigurationIsVisible = 0;
			defaultConfigurationName = Release;
		};
		1E39EC821859D79A007BBA9E /* Build configuration list for PBXNativeTarget "TableViewSample" */ = {
			isa = XCConfigurationList;
			buildConfigurations = (
				1E39EC831859D79A007BBA9E /* Debug */,
				1E39EC841859D79A007BBA9E /* Release */,
			);
			defaultConfigurationIsVisible = 0;
		};
		1E39EC851859D79A007BBA9E /* Build configuration list for PBXNativeTarget "TableViewSampleTests" */ = {
			isa = XCConfigurationList;
			buildConfigurations = (
				1E39EC861859D79A007BBA9E /* Debug */,
				1E39EC871859D79A007BBA9E /* Release */,
			);
			defaultConfigurationIsVisible = 0;
		};
/* End XCConfigurationList section */
	};
	rootObject = 1E39EC4E1859D79A007BBA9E /* Project object */;
}
